// !$*UTF8*$!
{
	archiveVersion = 1;
	classes = {
	};
	objectVersion = 50;
	objects = {

/* Begin PBXBuildFile section */
		B35C60DD20A717F900E48F44 /* AppDelegate.swift in Sources */ = {isa = PBXBuildFile; fileRef = B35C60DC20A717F900E48F44 /* AppDelegate.swift */; };
		B35C60E220A717F900E48F44 /* MasterViewController.swift in Sources */ = {isa = PBXBuildFile; fileRef = B35C60E120A717F900E48F44 /* MasterViewController.swift */; };
		B35C60E420A717F900E48F44 /* DetailViewController.swift in Sources */ = {isa = PBXBuildFile; fileRef = B35C60E320A717F900E48F44 /* DetailViewController.swift */; };
		B35C60E720A717F900E48F44 /* Main.storyboard in Resources */ = {isa = PBXBuildFile; fileRef = B35C60E520A717F900E48F44 /* Main.storyboard */; };
		B35C60E920A717FB00E48F44 /* Assets.xcassets in Resources */ = {isa = PBXBuildFile; fileRef = B35C60E820A717FB00E48F44 /* Assets.xcassets */; };
		B35C60EC20A717FB00E48F44 /* LaunchScreen.storyboard in Resources */ = {isa = PBXBuildFile; fileRef = B35C60EA20A717FB00E48F44 /* LaunchScreen.storyboard */; };
		B3DD8D2920B961DA00B78493 /* iPlanner.xcdatamodeld in Sources */ = {isa = PBXBuildFile; fileRef = B3DD8D2720B961DA00B78493 /* iPlanner.xcdatamodeld */; };
/* End PBXBuildFile section */

/* Begin PBXFileReference section */
		B35C60D920A717F900E48F44 /* iPlanner.app */ = {isa = PBXFileReference; explicitFileType = wrapper.application; includeInIndex = 0; path = iPlanner.app; sourceTree = BUILT_PRODUCTS_DIR; };
		B35C60DC20A717F900E48F44 /* AppDelegate.swift */ = {isa = PBXFileReference; lastKnownFileType = sourcecode.swift; path = AppDelegate.swift; sourceTree = "<group>"; };
		B35C60E120A717F900E48F44 /* MasterViewController.swift */ = {isa = PBXFileReference; lastKnownFileType = sourcecode.swift; path = MasterViewController.swift; sourceTree = "<group>"; };
		B35C60E320A717F900E48F44 /* DetailViewController.swift */ = {isa = PBXFileReference; lastKnownFileType = sourcecode.swift; path = DetailViewController.swift; sourceTree = "<group>"; };
		B35C60E620A717F900E48F44 /* Base */ = {isa = PBXFileReference; lastKnownFileType = file.storyboard; name = Base; path = Base.lproj/Main.storyboard; sourceTree = "<group>"; };
		B35C60E820A717FB00E48F44 /* Assets.xcassets */ = {isa = PBXFileReference; lastKnownFileType = folder.assetcatalog; path = Assets.xcassets; sourceTree = "<group>"; };
		B35C60EB20A717FB00E48F44 /* Base */ = {isa = PBXFileReference; lastKnownFileType = file.storyboard; name = Base; path = Base.lproj/LaunchScreen.storyboard; sourceTree = "<group>"; };
		B35C60ED20A717FB00E48F44 /* Info.plist */ = {isa = PBXFileReference; lastKnownFileType = text.plist.xml; path = Info.plist; sourceTree = "<group>"; };
		B3DD8D2820B961DA00B78493 /* iPlanner.xcdatamodel */ = {isa = PBXFileReference; lastKnownFileType = wrapper.xcdatamodel; path = iPlanner.xcdatamodel; sourceTree = "<group>"; };
/* End PBXFileReference section */

/* Begin PBXFrameworksBuildPhase section */
		B35C60D620A717F900E48F44 /* Frameworks */ = {
			isa = PBXFrameworksBuildPhase;
			buildActionMask = 2147483647;
			files = (
			);
			runOnlyForDeploymentPostprocessing = 0;
		};
/* End PBXFrameworksBuildPhase section */

/* Begin PBXGroup section */
		B35C60D020A717F900E48F44 = {
			isa = PBXGroup;
			children = (
				B35C60DB20A717F900E48F44 /* iPlanner */,
				B35C60DA20A717F900E48F44 /* Products */,
			);
			sourceTree = "<group>";
		};
		B35C60DA20A717F900E48F44 /* Products */ = {
			isa = PBXGroup;
			children = (
				B35C60D920A717F900E48F44 /* iPlanner.app */,
			);
			name = Products;
			sourceTree = "<group>";
		};
		B35C60DB20A717F900E48F44 /* iPlanner */ = {
			isa = PBXGroup;
			children = (
				B35C60DC20A717F900E48F44 /* AppDelegate.swift */,
				B35C60E120A717F900E48F44 /* MasterViewController.swift */,
				B35C60E320A717F900E48F44 /* DetailViewController.swift */,
				B35C60E520A717F900E48F44 /* Main.storyboard */,
				B35C60E820A717FB00E48F44 /* Assets.xcassets */,
				B35C60EA20A717FB00E48F44 /* LaunchScreen.storyboard */,
				B35C60ED20A717FB00E48F44 /* Info.plist */,
				B3DD8D2720B961DA00B78493 /* iPlanner.xcdatamodeld */,
			);
			path = iPlanner;
			sourceTree = "<group>";
		};
/* End PBXGroup section */

/* Begin PBXNativeTarget section */
		B35C60D820A717F900E48F44 /* iPlanner */ = {
			isa = PBXNativeTarget;
			buildConfigurationList = B35C60F020A717FB00E48F44 /* Build configuration list for PBXNativeTarget "iPlanner" */;
			buildPhases = (
				B35C60D520A717F900E48F44 /* Sources */,
				B35C60D620A717F900E48F44 /* Frameworks */,
				B35C60D720A717F900E48F44 /* Resources */,
			);
			buildRules = (
			);
			dependencies = (
			);
			name = iPlanner;
			productName = iPlanner;
			productReference = B35C60D920A717F900E48F44 /* iPlanner.app */;
			productType = "com.apple.product-type.application";
		};
/* End PBXNativeTarget section */

/* Begin PBXProject section */
		B35C60D120A717F900E48F44 /* Project object */ = {
			isa = PBXProject;
			attributes = {
				LastSwiftUpdateCheck = 0930;
				LastUpgradeCheck = 0930;
				ORGANIZATIONNAME = "Damian Perera";
				TargetAttributes = {
					B35C60D820A717F900E48F44 = {
						CreatedOnToolsVersion = 9.3.1;
					};
				};
			};
			buildConfigurationList = B35C60D420A717F900E48F44 /* Build configuration list for PBXProject "iPlanner" */;
			compatibilityVersion = "Xcode 9.3";
			developmentRegion = en;
			hasScannedForEncodings = 0;
			knownRegions = (
				en,
				Base,
			);
			mainGroup = B35C60D020A717F900E48F44;
			productRefGroup = B35C60DA20A717F900E48F44 /* Products */;
			projectDirPath = "";
			projectRoot = "";
			targets = (
				B35C60D820A717F900E48F44 /* iPlanner */,
			);
		};
/* End PBXProject section */

/* Begin PBXResourcesBuildPhase section */
		B35C60D720A717F900E48F44 /* Resources */ = {
			isa = PBXResourcesBuildPhase;
			buildActionMask = 2147483647;
			files = (
				B35C60EC20A717FB00E48F44 /* LaunchScreen.storyboard in Resources */,
				B35C60E920A717FB00E48F44 /* Assets.xcassets in Resources */,
				B35C60E720A717F900E48F44 /* Main.storyboard in Resources */,
			);
			runOnlyForDeploymentPostprocessing = 0;
		};
/* End PBXResourcesBuildPhase section */

/* Begin PBXSourcesBuildPhase section */
		B35C60D520A717F900E48F44 /* Sources */ = {
			isa = PBXSourcesBuildPhase;
			buildActionMask = 2147483647;
			files = (
				B35C60DD20A717F900E48F44 /* AppDelegate.swift in Sources */,
				B35C60E220A717F900E48F44 /* MasterViewController.swift in Sources */,
				B35C60E420A717F900E48F44 /* DetailViewController.swift in Sources */,
				B3DD8D2920B961DA00B78493 /* iPlanner.xcdatamodeld in Sources */,
			);
			runOnlyForDeploymentPostprocessing = 0;
		};
/* End PBXSourcesBuildPhase section */

/* Begin PBXVariantGroup section */
		B35C60E520A717F900E48F44 /* Main.storyboard */ = {
			isa = PBXVariantGroup;
			children = (
				B35C60E620A717F900E48F44 /* Base */,
			);
			name = Main.storyboard;
			sourceTree = "<group>";
		};
		B35C60EA20A717FB00E48F44 /* LaunchScreen.storyboard */ = {
			isa = PBXVariantGroup;
			children = (
				B35C60EB20A717FB00E48F44 /* Base */,
			);
			name = LaunchScreen.storyboard;
			sourceTree = "<group>";
		};
/* End PBXVariantGroup section */

/* Begin XCBuildConfiguration section */
		B35C60EE20A717FB00E48F44 /* Debug */ = {
			isa = XCBuildConfiguration;
			buildSettings = {
				ALWAYS_SEARCH_USER_PATHS = NO;
				CLANG_ANALYZER_NONNULL = YES;
				CLANG_ANALYZER_NUMBER_OBJECT_CONVERSION = YES_AGGRESSIVE;
				CLANG_CXX_LANGUAGE_STANDARD = "gnu++14";
				CLANG_CXX_LIBRARY = "libc++";
				CLANG_ENABLE_MODULES = YES;
				CLANG_ENABLE_OBJC_ARC = YES;
				CLANG_ENABLE_OBJC_WEAK = YES;
				CLANG_WARN_BLOCK_CAPTURE_AUTORELEASING = YES;
				CLANG_WARN_BOOL_CONVERSION = YES;
				CLANG_WARN_COMMA = YES;
				CLANG_WARN_CONSTANT_CONVERSION = YES;
				CLANG_WARN_DEPRECATED_OBJC_IMPLEMENTATIONS = YES;
				CLANG_WARN_DIRECT_OBJC_ISA_USAGE = YES_ERROR;
				CLANG_WARN_DOCUMENTATION_COMMENTS = YES;
				CLANG_WARN_EMPTY_BODY = YES;
				CLANG_WARN_ENUM_CONVERSION = YES;
				CLANG_WARN_INFINITE_RECURSION = YES;
				CLANG_WARN_INT_CONVERSION = YES;
				CLANG_WARN_NON_LITERAL_NULL_CONVERSION = YES;
				CLANG_WARN_OBJC_IMPLICIT_RETAIN_SELF = YES;
				CLANG_WARN_OBJC_LITERAL_CONVERSION = YES;
				CLANG_WARN_OBJC_ROOT_CLASS = YES_ERROR;
				CLANG_WARN_RANGE_LOOP_ANALYSIS = YES;
				CLANG_WARN_STRICT_PROTOTYPES = YES;
				CLANG_WARN_SUSPICIOUS_MOVE = YES;
				CLANG_WARN_UNGUARDED_AVAILABILITY = YES_AGGRESSIVE;
				CLANG_WARN_UNREACHABLE_CODE = YES;
				CLANG_WARN__DUPLICATE_METHOD_MATCH = YES;
				CODE_SIGN_IDENTITY = "iPhone Developer";
				COPY_PHASE_STRIP = NO;
				DEBUG_INFORMATION_FORMAT = dwarf;
				ENABLE_STRICT_OBJC_MSGSEND = YES;
				ENABLE_TESTABILITY = YES;
				GCC_C_LANGUAGE_STANDARD = gnu11;
				GCC_DYNAMIC_NO_PIC = NO;
				GCC_NO_COMMON_BLOCKS = YES;
				GCC_OPTIMIZATION_LEVEL = 0;
				GCC_PREPROCESSOR_DEFINITIONS = (
					"DEBUG=1",
					"$(inherited)",
				);
				GCC_WARN_64_TO_32_BIT_CONVERSION = YES;
				GCC_WARN_ABOUT_RETURN_TYPE = YES_ERROR;
				GCC_WARN_UNDECLARED_SELECTOR = YES;
				GCC_WARN_UNINITIALIZED_AUTOS = YES_AGGRESSIVE;
				GCC_WARN_UNUSED_FUNCTION = YES;
				GCC_WARN_UNUSED_VARIABLE = YES;
				IPHONEOS_DEPLOYMENT_TARGET = 11.3;
				MTL_ENABLE_DEBUG_INFO = YES;
				ONLY_ACTIVE_ARCH = YES;
				SDKROOT = iphoneos;
				SWIFT_ACTIVE_COMPILATION_CONDITIONS = DEBUG;
				SWIFT_OPTIMIZATION_LEVEL = "-Onone";
			};
			name = Debug;
		};
		B35C60EF20A717FB00E48F44 /* Release */ = {
			isa = XCBuildConfiguration;
			buildSettings = {
				ALWAYS_SEARCH_USER_PATHS = NO;
				CLANG_ANALYZER_NONNULL = YES;
				CLANG_ANALYZER_NUMBER_OBJECT_CONVERSION = YES_AGGRESSIVE;
				CLANG_CXX_LANGUAGE_STANDARD = "gnu++14";
				CLANG_CXX_LIBRARY = "libc++";
				CLANG_ENABLE_MODULES = YES;
				CLANG_ENABLE_OBJC_ARC = YES;
				CLANG_ENABLE_OBJC_WEAK = YES;
				CLANG_WARN_BLOCK_CAPTURE_AUTORELEASING = YES;
				CLANG_WARN_BOOL_CONVERSION = YES;
				CLANG_WARN_COMMA = YES;
				CLANG_WARN_CONSTANT_CONVERSION = YES;
				CLANG_WARN_DEPRECATED_OBJC_IMPLEMENTATIONS = YES;
				CLANG_WARN_DIRECT_OBJC_ISA_USAGE = YES_ERROR;
				CLANG_WARN_DOCUMENTATION_COMMENTS = YES;
				CLANG_WARN_EMPTY_BODY = YES;
				CLANG_WARN_ENUM_CONVERSION = YES;
				CLANG_WARN_INFINITE_RECURSION = YES;
				CLANG_WARN_INT_CONVERSION = YES;
				CLANG_WARN_NON_LITERAL_NULL_CONVERSION = YES;
				CLANG_WARN_OBJC_IMPLICIT_RETAIN_SELF = YES;
				CLANG_WARN_OBJC_LITERAL_CONVERSION = YES;
				CLANG_WARN_OBJC_ROOT_CLASS = YES_ERROR;
				CLANG_WARN_RANGE_LOOP_ANALYSIS = YES;
				CLANG_WARN_STRICT_PROTOTYPES = YES;
				CLANG_WARN_SUSPICIOUS_MOVE = YES;
				CLANG_WARN_UNGUARDED_AVAILABILITY = YES_AGGRESSIVE;
				CLANG_WARN_UNREACHABLE_CODE = YES;
				CLANG_WARN__DUPLICATE_METHOD_MATCH = YES;
				CODE_SIGN_IDENTITY = "iPhone Developer";
				COPY_PHASE_STRIP = NO;
				DEBUG_INFORMATION_FORMAT = "dwarf-with-dsym";
				ENABLE_NS_ASSERTIONS = NO;
				ENABLE_STRICT_OBJC_MSGSEND = YES;
				GCC_C_LANGUAGE_STANDARD = gnu11;
				GCC_NO_COMMON_BLOCKS = YES;
				GCC_WARN_64_TO_32_BIT_CONVERSION = YES;
				GCC_WARN_ABOUT_RETURN_TYPE = YES_ERROR;
				GCC_WARN_UNDECLARED_SELECTOR = YES;
				GCC_WARN_UNINITIALIZED_AUTOS = YES_AGGRESSIVE;
				GCC_WARN_UNUSED_FUNCTION = YES;
				GCC_WARN_UNUSED_VARIABLE = YES;
				IPHONEOS_DEPLOYMENT_TARGET = 11.3;
				MTL_ENABLE_DEBUG_INFO = NO;
				SDKROOT = iphoneos;
				SWIFT_COMPILATION_MODE = wholemodule;
				SWIFT_OPTIMIZATION_LEVEL = "-O";
				VALIDATE_PRODUCT = YES;
			};
			name = Release;
		};
		B35C60F120A717FB00E48F44 /* Debug */ = {
			isa = XCBuildConfiguration;
			buildSettings = {
				ASSETCATALOG_COMPILER_APPICON_NAME = AppIcon;
				CODE_SIGN_STYLE = Automatic;
				DEVELOPMENT_TEAM = 4X63XFM2RY;
				INFOPLIST_FILE = iPlanner/Info.plist;
				LD_RUNPATH_SEARCH_PATHS = (
					"$(inherited)",
					"@executable_path/Frameworks",
				);
				PRODUCT_BUNDLE_IDENTIFIER = io.perera.iPlanner;
				PRODUCT_NAME = "$(TARGET_NAME)";
				SWIFT_VERSION = 4.0;
				TARGETED_DEVICE_FAMILY = 2;
			};
			name = Debug;
		};
		B35C60F220A717FB00E48F44 /* Release */ = {
			isa = XCBuildConfiguration;
			buildSettings = {
				ASSETCATALOG_COMPILER_APPICON_NAME = AppIcon;
				CODE_SIGN_STYLE = Automatic;
				DEVELOPMENT_TEAM = 4X63XFM2RY;
				INFOPLIST_FILE = iPlanner/Info.plist;
				LD_RUNPATH_SEARCH_PATHS = (
					"$(inherited)",
					"@executable_path/Frameworks",
				);
				PRODUCT_BUNDLE_IDENTIFIER = io.perera.iPlanner;
				PRODUCT_NAME = "$(TARGET_NAME)";
				SWIFT_VERSION = 4.0;
				TARGETED_DEVICE_FAMILY = 2;
			};
			name = Release;
		};
/* End XCBuildConfiguration section */

/* Begin XCConfigurationList section */
		B35C60D420A717F900E48F44 /* Build configuration list for PBXProject "iPlanner" */ = {
			isa = XCConfigurationList;
			buildConfigurations = (
				B35C60EE20A717FB00E48F44 /* Debug */,
				B35C60EF20A717FB00E48F44 /* Release */,
			);
			defaultConfigurationIsVisible = 0;
			defaultConfigurationName = Release;
		};
		B35C60F020A717FB00E48F44 /* Build configuration list for PBXNativeTarget "iPlanner" */ = {
			isa = XCConfigurationList;
			buildConfigurations = (
				B35C60F120A717FB00E48F44 /* Debug */,
				B35C60F220A717FB00E48F44 /* Release */,
			);
			defaultConfigurationIsVisible = 0;
			defaultConfigurationName = Release;
		};
/* End XCConfigurationList section */

/* Begin XCVersionGroup section */
		B3DD8D2720B961DA00B78493 /* iPlanner.xcdatamodeld */ = {
			isa = XCVersionGroup;
			children = (
				B3DD8D2820B961DA00B78493 /* iPlanner.xcdatamodel */,
			);
			currentVersion = B3DD8D2820B961DA00B78493 /* iPlanner.xcdatamodel */;
			path = iPlanner.xcdatamodeld;
			sourceTree = "<group>";
			versionGroupType = wrapper.xcdatamodel;
		};
/* End XCVersionGroup section */
	};
	rootObject = B35C60D120A717F900E48F44 /* Project object */;
}
